{
    "name": "helloworld",
    "version": "1.0.0",
    "lockfileVersion": 1,
    "requires": true,
    "dependencies": {
        "ios": {
            "version": "0.0.1",
            "resolved": "https://registry.npmjs.org/ios/-/ios-0.0.1.tgz",
            "integrity": "sha1-TG93TYsMLpu1PDQRps3wCsUd2S0="
        }
    }
}
